// !$*UTF8*$!
{
	archiveVersion = 1;
	classes = {
	};
	objectVersion = 46;
	objects = {

/* Begin PBXBuildFile section */
		0A1B6E101F470C8000A42B90 /* main.m in Sources */ = {isa = PBXBuildFile; fileRef = 0A1B6E0F1F470C8000A42B90 /* main.m */; };
		0A1B6E131F470C8000A42B90 /* AppDelegate.m in Sources */ = {isa = PBXBuildFile; fileRef = 0A1B6E121F470C8000A42B90 /* AppDelegate.m */; };
		0A1B6E161F470C8000A42B90 /* ViewController.m in Sources */ = {isa = PBXBuildFile; fileRef = 0A1B6E151F470C8000A42B90 /* ViewController.m */; };
		0A1B6E191F470C8000A42B90 /* Main.storyboard in Resources */ = {isa = PBXBuildFile; fileRef = 0A1B6E171F470C8000A42B90 /* Main.storyboard */; };
		0A1B6E1B1F470C8000A42B90 /* Assets.xcassets in Resources */ = {isa = PBXBuildFile; fileRef = 0A1B6E1A1F470C8000A42B90 /* Assets.xcassets */; };
		0A1B6E1E1F470C8000A42B90 /* LaunchScreen.storyboard in Resources */ = {isa = PBXBuildFile; fileRef = 0A1B6E1C1F470C8000A42B90 /* LaunchScreen.storyboard */; };
/* End PBXBuildFile section */

/* Begin PBXFileReference section */
		0A1B6E0B1F470C8000A42B90 /* Shutterbug.app */ = {isa = PBXFileReference; explicitFileType = wrapper.application; includeInIndex = 0; path = Shutterbug.app; sourceTree = BUILT_PRODUCTS_DIR; };
		0A1B6E0F1F470C8000A42B90 /* main.m */ = {isa = PBXFileReference; lastKnownFileType = sourcecode.c.objc; path = main.m; sourceTree = "<group>"; };
		0A1B6E111F470C8000A42B90 /* AppDelegate.h */ = {isa = PBXFileReference; lastKnownFileType = sourcecode.c.h; path = AppDelegate.h; sourceTree = "<group>"; };
		0A1B6E121F470C8000A42B90 /* AppDelegate.m */ = {isa = PBXFileReference; lastKnownFileType = sourcecode.c.objc; path = AppDelegate.m; sourceTree = "<group>"; };
		0A1B6E141F470C8000A42B90 /* ViewController.h */ = {isa = PBXFileReference; lastKnownFileType = sourcecode.c.h; path = ViewController.h; sourceTree = "<group>"; };
		0A1B6E151F470C8000A42B90 /* ViewController.m */ = {isa = PBXFileReference; lastKnownFileType = sourcecode.c.objc; path = ViewController.m; sourceTree = "<group>"; };
		0A1B6E181F470C8000A42B90 /* Base */ = {isa = PBXFileReference; lastKnownFileType = file.storyboard; name = Base; path = Base.lproj/Main.storyboard; sourceTree = "<group>"; };
		0A1B6E1A1F470C8000A42B90 /* Assets.xcassets */ = {isa = PBXFileReference; lastKnownFileType = folder.assetcatalog; path = Assets.xcassets; sourceTree = "<group>"; };
		0A1B6E1D1F470C8000A42B90 /* Base */ = {isa = PBXFileReference; lastKnownFileType = file.storyboard; name = Base; path = Base.lproj/LaunchScreen.storyboard; sourceTree = "<group>"; };
		0A1B6E1F1F470C8000A42B90 /* Info.plist */ = {isa = PBXFileReference; lastKnownFileType = text.plist.xml; path = Info.plist; sourceTree = "<group>"; };
/* End PBXFileReference section */

/* Begin PBXFrameworksBuildPhase section */
		0A1B6E081F470C8000A42B90 /* Frameworks */ = {
			isa = PBXFrameworksBuildPhase;
			buildActionMask = 2147483647;
			files = (
			);
			runOnlyForDeploymentPostprocessing = 0;
		};
/* End PBXFrameworksBuildPhase section */

/* Begin PBXGroup section */
		0A1B6E021F470C8000A42B90 = {
			isa = PBXGroup;
			children = (
				0A1B6E0D1F470C8000A42B90 /* Shutterbug */,
				0A1B6E0C1F470C8000A42B90 /* Products */,
			);
			sourceTree = "<group>";
		};
		0A1B6E0C1F470C8000A42B90 /* Products */ = {
			isa = PBXGroup;
			children = (
				0A1B6E0B1F470C8000A42B90 /* Shutterbug.app */,
			);
			name = Products;
			sourceTree = "<group>";
		};
		0A1B6E0D1F470C8000A42B90 /* Shutterbug */ = {
			isa = PBXGroup;
			children = (
				0A1B6E111F470C8000A42B90 /* AppDelegate.h */,
				0A1B6E121F470C8000A42B90 /* AppDelegate.m */,
				0A1B6E141F470C8000A42B90 /* ViewController.h */,
				0A1B6E151F470C8000A42B90 /* ViewController.m */,
				0A1B6E171F470C8000A42B90 /* Main.storyboard */,
				0A1B6E1A1F470C8000A42B90 /* Assets.xcassets */,
				0A1B6E1C1F470C8000A42B90 /* LaunchScreen.storyboard */,
				0A1B6E1F1F470C8000A42B90 /* Info.plist */,
				0A1B6E0E1F470C8000A42B90 /* Supporting Files */,
			);
			path = Shutterbug;
			sourceTree = "<group>";
		};
		0A1B6E0E1F470C8000A42B90 /* Supporting Files */ = {
			isa = PBXGroup;
			children = (
				0A1B6E0F1F470C8000A42B90 /* main.m */,
			);
			name = "Supporting Files";
			sourceTree = "<group>";
		};
/* End PBXGroup section */

/* Begin PBXNativeTarget section */
		0A1B6E0A1F470C8000A42B90 /* Shutterbug */ = {
			isa = PBXNativeTarget;
			buildConfigurationList = 0A1B6E221F470C8000A42B90 /* Build configuration list for PBXNativeTarget "Shutterbug" */;
			buildPhases = (
				0A1B6E071F470C8000A42B90 /* Sources */,
				0A1B6E081F470C8000A42B90 /* Frameworks */,
				0A1B6E091F470C8000A42B90 /* Resources */,
			);
			buildRules = (
			);
			dependencies = (
			);
			name = Shutterbug;
			productName = Shutterbug;
			productReference = 0A1B6E0B1F470C8000A42B90 /* Shutterbug.app */;
			productType = "com.apple.product-type.application";
		};
/* End PBXNativeTarget section */

/* Begin PBXProject section */
		0A1B6E031F470C8000A42B90 /* Project object */ = {
			isa = PBXProject;
			attributes = {
				LastUpgradeCheck = 0830;
				ORGANIZATIONNAME = nitesh.vi;
				TargetAttributes = {
					0A1B6E0A1F470C8000A42B90 = {
						CreatedOnToolsVersion = 8.3.3;
						ProvisioningStyle = Automatic;
					};
				};
			};
			buildConfigurationList = 0A1B6E061F470C8000A42B90 /* Build configuration list for PBXProject "Shutterbug" */;
			compatibilityVersion = "Xcode 3.2";
			developmentRegion = English;
			hasScannedForEncodings = 0;
			knownRegions = (
				en,
				Base,
			);
			mainGroup = 0A1B6E021F470C8000A42B90;
			productRefGroup = 0A1B6E0C1F470C8000A42B90 /* Products */;
			projectDirPath = "";
			projectRoot = "";
			targets = (
				0A1B6E0A1F470C8000A42B90 /* Shutterbug */,
			);
		};
/* End PBXProject section */

/* Begin PBXResourcesBuildPhase section */
		0A1B6E091F470C8000A42B90 /* Resources */ = {
			isa = PBXResourcesBuildPhase;
			buildActionMask = 2147483647;
			files = (
				0A1B6E1E1F470C8000A42B90 /* LaunchScreen.storyboard in Resources */,
				0A1B6E1B1F470C8000A42B90 /* Assets.xcassets in Resources */,
				0A1B6E191F470C8000A42B90 /* Main.storyboard in Resources */,
			);
			runOnlyForDeploymentPostprocessing = 0;
		};
/* End PBXResourcesBuildPhase section */

/* Begin PBXSourcesBuildPhase section */
		0A1B6E071F470C8000A42B90 /* Sources */ = {
			isa = PBXSourcesBuildPhase;
			buildActionMask = 2147483647;
			files = (
				0A1B6E161F470C8000A42B90 /* ViewController.m in Sources */,
				0A1B6E131F470C8000A42B90 /* AppDelegate.m in Sources */,
				0A1B6E101F470C8000A42B90 /* main.m in Sources */,
			);
			runOnlyForDeploymentPostprocessing = 0;
		};
/* End PBXSourcesBuildPhase section */

/* Begin PBXVariantGroup section */
		0A1B6E171F470C8000A42B90 /* Main.storyboard */ = {
			isa = PBXVariantGroup;
			children = (
				0A1B6E181F470C8000A42B90 /* Base */,
			);
			name = Main.storyboard;
			sourceTree = "<group>";
		};
		0A1B6E1C1F470C8000A42B90 /* LaunchScreen.storyboard */ = {
			isa = PBXVariantGroup;
			children = (
				0A1B6E1D1F470C8000A42B90 /* Base */,
			);
			name = LaunchScreen.storyboard;
			sourceTree = "<group>";
		};
/* End PBXVariantGroup section */

/* Begin XCBuildConfiguration section */
		0A1B6E201F470C8000A42B90 /* Debug */ = {
			isa = XCBuildConfiguration;
			buildSettings = {
				ALWAYS_SEARCH_USER_PATHS = NO;
				CLANG_ANALYZER_NONNULL = YES;
				CLANG_ANALYZER_NUMBER_OBJECT_CONVERSION = YES_AGGRESSIVE;
				CLANG_CXX_LANGUAGE_STANDARD = "gnu++0x";
				CLANG_CXX_LIBRARY = "libc++";
				CLANG_ENABLE_MODULES = YES;
				CLANG_ENABLE_OBJC_ARC = YES;
				CLANG_WARN_BOOL_CONVERSION = YES;
				CLANG_WARN_CONSTANT_CONVERSION = YES;
				CLANG_WARN_DIRECT_OBJC_ISA_USAGE = YES_ERROR;
				CLANG_WARN_DOCUMENTATION_COMMENTS = YES;
				CLANG_WARN_EMPTY_BODY = YES;
				CLANG_WARN_ENUM_CONVERSION = YES;
				CLANG_WARN_INFINITE_RECURSION = YES;
				CLANG_WARN_INT_CONVERSION = YES;
				CLANG_WARN_OBJC_ROOT_CLASS = YES_ERROR;
				CLANG_WARN_SUSPICIOUS_MOVE = YES;
				CLANG_WARN_UNREACHABLE_CODE = YES;
				CLANG_WARN__DUPLICATE_METHOD_MATCH = YES;
				"CODE_SIGN_IDENTITY[sdk=iphoneos*]" = "iPhone Developer";
				COPY_PHASE_STRIP = NO;
				DEBUG_INFORMATION_FORMAT = dwarf;
				ENABLE_STRICT_OBJC_MSGSEND = YES;
				ENABLE_TESTABILITY = YES;
				GCC_C_LANGUAGE_STANDARD = gnu99;
				GCC_DYNAMIC_NO_PIC = NO;
				GCC_NO_COMMON_BLOCKS = YES;
				GCC_OPTIMIZATION_LEVEL = 0;
				GCC_PREPROCESSOR_DEFINITIONS = (
					"DEBUG=1",
					"$(inherited)",
				);
				GCC_WARN_64_TO_32_BIT_CONVERSION = YES;
				GCC_WARN_ABOUT_RETURN_TYPE = YES_ERROR;
				GCC_WARN_UNDECLARED_SELECTOR = YES;
				GCC_WARN_UNINITIALIZED_AUTOS = YES_AGGRESSIVE;
				GCC_WARN_UNUSED_FUNCTION = YES;
				GCC_WARN_UNUSED_VARIABLE = YES;
				IPHONEOS_DEPLOYMENT_TARGET = 10.3;
				MTL_ENABLE_DEBUG_INFO = YES;
				ONLY_ACTIVE_ARCH = YES;
				SDKROOT = iphoneos;
				TARGETED_DEVICE_FAMILY = "1,2";
			};
			name = Debug;
		};
		0A1B6E211F470C8000A42B90 /* Release */ = {
			isa = XCBuildConfiguration;
			buildSettings = {
				ALWAYS_SEARCH_USER_PATHS = NO;
				CLANG_ANALYZER_NONNULL = YES;
				CLANG_ANALYZER_NUMBER_OBJECT_CONVERSION = YES_AGGRESSIVE;
				CLANG_CXX_LANGUAGE_STANDARD = "gnu++0x";
				CLANG_CXX_LIBRARY = "libc++";
				CLANG_ENABLE_MODULES = YES;
				CLANG_ENABLE_OBJC_ARC = YES;
				CLANG_WARN_BOOL_CONVERSION = YES;
				CLANG_WARN_CONSTANT_CONVERSION = YES;
				CLANG_WARN_DIRECT_OBJC_ISA_USAGE = YES_ERROR;
				CLANG_WARN_DOCUMENTATION_COMMENTS = YES;
				CLANG_WARN_EMPTY_BODY = YES;
				CLANG_WARN_ENUM_CONVERSION = YES;
				CLANG_WARN_INFINITE_RECURSION = YES;
				CLANG_WARN_INT_CONVERSION = YES;
				CLANG_WARN_OBJC_ROOT_CLASS = YES_ERROR;
				CLANG_WARN_SUSPICIOUS_MOVE = YES;
				CLANG_WARN_UNREACHABLE_CODE = YES;
				CLANG_WARN__DUPLICATE_METHOD_MATCH = YES;
				"CODE_SIGN_IDENTITY[sdk=iphoneos*]" = "iPhone Developer";
				COPY_PHASE_STRIP = NO;
				DEBUG_INFORMATION_FORMAT = "dwarf-with-dsym";
				ENABLE_NS_ASSERTIONS = NO;
				ENABLE_STRICT_OBJC_MSGSEND = YES;
				GCC_C_LANGUAGE_STANDARD = gnu99;
				GCC_NO_COMMON_BLOCKS = YES;
				GCC_WARN_64_TO_32_BIT_CONVERSION = YES;
				GCC_WARN_ABOUT_RETURN_TYPE = YES_ERROR;
				GCC_WARN_UNDECLARED_SELECTOR = YES;
				GCC_WARN_UNINITIALIZED_AUTOS = YES_AGGRESSIVE;
				GCC_WARN_UNUSED_FUNCTION = YES;
				GCC_WARN_UNUSED_VARIABLE = YES;
				IPHONEOS_DEPLOYMENT_TARGET = 10.3;
				MTL_ENABLE_DEBUG_INFO = NO;
				SDKROOT = iphoneos;
				TARGETED_DEVICE_FAMILY = "1,2";
				VALIDATE_PRODUCT = YES;
			};
			name = Release;
		};
		0A1B6E231F470C8000A42B90 /* Debug */ = {
			isa = XCBuildConfiguration;
			buildSettings = {
				ASSETCATALOG_COMPILER_APPICON_NAME = AppIcon;
				INFOPLIST_FILE = Shutterbug/Info.plist;
				LD_RUNPATH_SEARCH_PATHS = "$(inherited) @executable_path/Frameworks";
				PRODUCT_BUNDLE_IDENTIFIER = com.flock.Shutterbug;
				PRODUCT_NAME = "$(TARGET_NAME)";
			};
			name = Debug;
		};
		0A1B6E241F470C8000A42B90 /* Release */ = {
			isa = XCBuildConfiguration;
			buildSettings = {
				ASSETCATALOG_COMPILER_APPICON_NAME = AppIcon;
				INFOPLIST_FILE = Shutterbug/Info.plist;
				LD_RUNPATH_SEARCH_PATHS = "$(inherited) @executable_path/Frameworks";
				PRODUCT_BUNDLE_IDENTIFIER = com.flock.Shutterbug;
				PRODUCT_NAME = "$(TARGET_NAME)";
			};
			name = Release;
		};
/* End XCBuildConfiguration section */

/* Begin XCConfigurationList section */
		0A1B6E061F470C8000A42B90 /* Build configuration list for PBXProject "Shutterbug" */ = {
			isa = XCConfigurationList;
			buildConfigurations = (
				0A1B6E201F470C8000A42B90 /* Debug */,
				0A1B6E211F470C8000A42B90 /* Release */,
			);
			defaultConfigurationIsVisible = 0;
			defaultConfigurationName = Release;
		};
		0A1B6E221F470C8000A42B90 /* Build configuration list for PBXNativeTarget "Shutterbug" */ = {
			isa = XCConfigurationList;
			buildConfigurations = (
				0A1B6E231F470C8000A42B90 /* Debug */,
				0A1B6E241F470C8000A42B90 /* Release */,
			);
			defaultConfigurationIsVisible = 0;
		};
/* End XCConfigurationList section */
	};
	rootObject = 0A1B6E031F470C8000A42B90 /* Project object */;
}
